
Microsoft Visual Studio Solution File, Format Version 12.00
# Visual Studio Version 16
VisualStudioVersion = 16.0.30114.105
MinimumVisualStudioVersion = 10.0.40219.1
Project("{FAE04EC0-301F-11D3-BF4B-00C04F79EFBC}") = "API", "API\API.csproj", "{D33CC766-1421-40D9-B4B8-A529E3D39DE0}"
EndProject
Project("{FAE04EC0-301F-11D3-BF4B-00C04F79EFBC}") = "Application", "Application\Application.csproj", "{A0DD4D33-26E0-4524-ABB0-2C45D465222B}"
EndProject
Project("{FAE04EC0-301F-11D3-BF4B-00C04F79EFBC}") = "Persistence", "Persistence\Persistence.csproj", "{EF5173C7-24AA-4D1B-83FD-748B22FE07BA}"
EndProject
Project("{FAE04EC0-301F-11D3-BF4B-00C04F79EFBC}") = "Domain", "Domain\Domain.csproj", "{A4E1B07E-B0CE-45E2-A87B-ED03534E5140}"
EndProject
Global
	GlobalSection(SolutionConfigurationPlatforms) = preSolution
		Debug|Any CPU = Debug|Any CPU
		Release|Any CPU = Release|Any CPU
	EndGlobalSection
	GlobalSection(SolutionProperties) = preSolution
		HideSolutionNode = FALSE
	EndGlobalSection
	GlobalSection(ProjectConfigurationPlatforms) = postSolution
		{D33CC766-1421-40D9-B4B8-A529E3D39DE0}.Debug|Any CPU.ActiveCfg = Debug|Any CPU
		{D33CC766-1421-40D9-B4B8-A529E3D39DE0}.Debug|Any CPU.Build.0 = Debug|Any CPU
		{D33CC766-1421-40D9-B4B8-A529E3D39DE0}.Release|Any CPU.ActiveCfg = Release|Any CPU
		{D33CC766-1421-40D9-B4B8-A529E3D39DE0}.Release|Any CPU.Build.0 = Release|Any CPU
		{A0DD4D33-26E0-4524-ABB0-2C45D465222B}.Debug|Any CPU.ActiveCfg = Debug|Any CPU
		{A0DD4D33-26E0-4524-ABB0-2C45D465222B}.Debug|Any CPU.Build.0 = Debug|Any CPU
		{A0DD4D33-26E0-4524-ABB0-2C45D465222B}.Release|Any CPU.ActiveCfg = Release|Any CPU
		{A0DD4D33-26E0-4524-ABB0-2C45D465222B}.Release|Any CPU.Build.0 = Release|Any CPU
		{EF5173C7-24AA-4D1B-83FD-748B22FE07BA}.Debug|Any CPU.ActiveCfg = Debug|Any CPU
		{EF5173C7-24AA-4D1B-83FD-748B22FE07BA}.Debug|Any CPU.Build.0 = Debug|Any CPU
		{EF5173C7-24AA-4D1B-83FD-748B22FE07BA}.Release|Any CPU.ActiveCfg = Release|Any CPU
		{EF5173C7-24AA-4D1B-83FD-748B22FE07BA}.Release|Any CPU.Build.0 = Release|Any CPU
		{A4E1B07E-B0CE-45E2-A87B-ED03534E5140}.Debug|Any CPU.ActiveCfg = Debug|Any CPU
		{A4E1B07E-B0CE-45E2-A87B-ED03534E5140}.Debug|Any CPU.Build.0 = Debug|Any CPU
		{A4E1B07E-B0CE-45E2-A87B-ED03534E5140}.Release|Any CPU.ActiveCfg = Release|Any CPU
		{A4E1B07E-B0CE-45E2-A87B-ED03534E5140}.Release|Any CPU.Build.0 = Release|Any CPU
	EndGlobalSection
EndGlobal
