
Microsoft Visual Studio Solution File, Format Version 12.00
# Visual Studio Version 17
VisualStudioVersion = 17.0.32014.148
MinimumVisualStudioVersion = 10.0.40219.1
Project("{9A19103F-16F7-4668-BE54-9A1E7A4F7556}") = "API", "API\API.csproj", "{A02D78B8-FA65-4995-B33C-BE61B9FA11A6}"
EndProject
Project("{9A19103F-16F7-4668-BE54-9A1E7A4F7556}") = "API.Data", "API.Data\API.Data.csproj", "{427EC85C-A1B5-4465-A6CD-1984E0BD117D}"
EndProject
Project("{FAE04EC0-301F-11D3-BF4B-00C04F79EFBC}") = "Api.Core", "Api.Core\Api.Core.csproj", "{35DCD9B3-D899-4A3F-B175-0DAC5359E76A}"
EndProject
Global
	GlobalSection(SolutionConfigurationPlatforms) = preSolution
		Debug|Any CPU = Debug|Any CPU
		Release|Any CPU = Release|Any CPU
	EndGlobalSection
	GlobalSection(ProjectConfigurationPlatforms) = postSolution
		{A02D78B8-FA65-4995-B33C-BE61B9FA11A6}.Debug|Any CPU.ActiveCfg = Debug|Any CPU
		{A02D78B8-FA65-4995-B33C-BE61B9FA11A6}.Debug|Any CPU.Build.0 = Debug|Any CPU
		{A02D78B8-FA65-4995-B33C-BE61B9FA11A6}.Release|Any CPU.ActiveCfg = Release|Any CPU
		{A02D78B8-FA65-4995-B33C-BE61B9FA11A6}.Release|Any CPU.Build.0 = Release|Any CPU
		{427EC85C-A1B5-4465-A6CD-1984E0BD117D}.Debug|Any CPU.ActiveCfg = Debug|Any CPU
		{427EC85C-A1B5-4465-A6CD-1984E0BD117D}.Debug|Any CPU.Build.0 = Debug|Any CPU
		{427EC85C-A1B5-4465-A6CD-1984E0BD117D}.Release|Any CPU.ActiveCfg = Release|Any CPU
		{427EC85C-A1B5-4465-A6CD-1984E0BD117D}.Release|Any CPU.Build.0 = Release|Any CPU
		{35DCD9B3-D899-4A3F-B175-0DAC5359E76A}.Debug|Any CPU.ActiveCfg = Debug|Any CPU
		{35DCD9B3-D899-4A3F-B175-0DAC5359E76A}.Debug|Any CPU.Build.0 = Debug|Any CPU
		{35DCD9B3-D899-4A3F-B175-0DAC5359E76A}.Release|Any CPU.ActiveCfg = Release|Any CPU
		{35DCD9B3-D899-4A3F-B175-0DAC5359E76A}.Release|Any CPU.Build.0 = Release|Any CPU
	EndGlobalSection
	GlobalSection(SolutionProperties) = preSolution
		HideSolutionNode = FALSE
	EndGlobalSection
	GlobalSection(ExtensibilityGlobals) = postSolution
		SolutionGuid = {54F96280-EB4D-4221-AEC1-B9EC4C397B17}
	EndGlobalSection
EndGlobal
