
Microsoft Visual Studio Solution File, Format Version 12.00
# Visual Studio Version 17
VisualStudioVersion = 17.1.32210.238
MinimumVisualStudioVersion = 10.0.40219.1
Project("{2150E333-8FDC-42A3-9474-1A3956D46DE8}") = "corePackages", "corePackages", "{27083418-895B-44B4-B95C-BFA270D17C97}"
EndProject
Project("{2150E333-8FDC-42A3-9474-1A3956D46DE8}") = "rentACar", "rentACar", "{12461A10-AF11-433C-8063-777B41918688}"
EndProject
Project("{9A19103F-16F7-4668-BE54-9A1E7A4F7556}") = "WebApi", "rentACar\WebApi\WebApi.csproj", "{68085C25-0C62-4FDF-8ACD-2262AF6F73FD}"
EndProject
Project("{9A19103F-16F7-4668-BE54-9A1E7A4F7556}") = "Application", "rentACar\Application\Application.csproj", "{B1BBE0B2-6069-4270-A6BD-30B31B868247}"
EndProject
Project("{9A19103F-16F7-4668-BE54-9A1E7A4F7556}") = "Domain", "rentACar\Domain\Domain.csproj", "{C94C2822-0EDC-4EB9-9DD5-9599AB0B9EFF}"
EndProject
Project("{9A19103F-16F7-4668-BE54-9A1E7A4F7556}") = "Persistence", "rentACar\Persistence\Persistence.csproj", "{BBE55C15-7281-4382-A2CD-517BBC7FE704}"
EndProject
Project("{9A19103F-16F7-4668-BE54-9A1E7A4F7556}") = "Core.Persistence", "corePackages\Core.Persistence\Core.Persistence.csproj", "{587763F7-88FA-430E-AAC8-338B1B90EC91}"
EndProject
Project("{FAE04EC0-301F-11D3-BF4B-00C04F79EFBC}") = "Core.Utilities", "corePackages\Core.Utilities\Core.Utilities.csproj", "{02C4E380-D9B7-457D-B453-F7002FEDEC53}"
EndProject
Project("{FAE04EC0-301F-11D3-BF4B-00C04F79EFBC}") = "Core.CrossCuttingConcerns", "corePackages\Core.CrossCuttingConcerns\Core.CrossCuttingConcerns.csproj", "{353290BE-A714-4BE3-86F7-C03ADC2EBC1F}"
EndProject
Project("{FAE04EC0-301F-11D3-BF4B-00C04F79EFBC}") = "Core.Application", "corePackages\Core.Application\Core.Application.csproj", "{F75257BD-006F-4B66-8148-936D2C7FDEE8}"
EndProject
Project("{FAE04EC0-301F-11D3-BF4B-00C04F79EFBC}") = "Core.Mailing", "corePackages\Core.Mailing\Core.Mailing.csproj", "{62C904B8-1B91-4FB0-820B-5DB508A67F45}"
EndProject
Global
	GlobalSection(SolutionConfigurationPlatforms) = preSolution
		Debug|Any CPU = Debug|Any CPU
		Release|Any CPU = Release|Any CPU
	EndGlobalSection
	GlobalSection(ProjectConfigurationPlatforms) = postSolution
		{68085C25-0C62-4FDF-8ACD-2262AF6F73FD}.Debug|Any CPU.ActiveCfg = Debug|Any CPU
		{68085C25-0C62-4FDF-8ACD-2262AF6F73FD}.Debug|Any CPU.Build.0 = Debug|Any CPU
		{68085C25-0C62-4FDF-8ACD-2262AF6F73FD}.Release|Any CPU.ActiveCfg = Release|Any CPU
		{68085C25-0C62-4FDF-8ACD-2262AF6F73FD}.Release|Any CPU.Build.0 = Release|Any CPU
		{B1BBE0B2-6069-4270-A6BD-30B31B868247}.Debug|Any CPU.ActiveCfg = Debug|Any CPU
		{B1BBE0B2-6069-4270-A6BD-30B31B868247}.Debug|Any CPU.Build.0 = Debug|Any CPU
		{B1BBE0B2-6069-4270-A6BD-30B31B868247}.Release|Any CPU.ActiveCfg = Release|Any CPU
		{B1BBE0B2-6069-4270-A6BD-30B31B868247}.Release|Any CPU.Build.0 = Release|Any CPU
		{C94C2822-0EDC-4EB9-9DD5-9599AB0B9EFF}.Debug|Any CPU.ActiveCfg = Debug|Any CPU
		{C94C2822-0EDC-4EB9-9DD5-9599AB0B9EFF}.Debug|Any CPU.Build.0 = Debug|Any CPU
		{C94C2822-0EDC-4EB9-9DD5-9599AB0B9EFF}.Release|Any CPU.ActiveCfg = Release|Any CPU
		{C94C2822-0EDC-4EB9-9DD5-9599AB0B9EFF}.Release|Any CPU.Build.0 = Release|Any CPU
		{BBE55C15-7281-4382-A2CD-517BBC7FE704}.Debug|Any CPU.ActiveCfg = Debug|Any CPU
		{BBE55C15-7281-4382-A2CD-517BBC7FE704}.Debug|Any CPU.Build.0 = Debug|Any CPU
		{BBE55C15-7281-4382-A2CD-517BBC7FE704}.Release|Any CPU.ActiveCfg = Release|Any CPU
		{BBE55C15-7281-4382-A2CD-517BBC7FE704}.Release|Any CPU.Build.0 = Release|Any CPU
		{587763F7-88FA-430E-AAC8-338B1B90EC91}.Debug|Any CPU.ActiveCfg = Debug|Any CPU
		{587763F7-88FA-430E-AAC8-338B1B90EC91}.Debug|Any CPU.Build.0 = Debug|Any CPU
		{587763F7-88FA-430E-AAC8-338B1B90EC91}.Release|Any CPU.ActiveCfg = Release|Any CPU
		{587763F7-88FA-430E-AAC8-338B1B90EC91}.Release|Any CPU.Build.0 = Release|Any CPU
		{02C4E380-D9B7-457D-B453-F7002FEDEC53}.Debug|Any CPU.ActiveCfg = Debug|Any CPU
		{02C4E380-D9B7-457D-B453-F7002FEDEC53}.Debug|Any CPU.Build.0 = Debug|Any CPU
		{02C4E380-D9B7-457D-B453-F7002FEDEC53}.Release|Any CPU.ActiveCfg = Release|Any CPU
		{02C4E380-D9B7-457D-B453-F7002FEDEC53}.Release|Any CPU.Build.0 = Release|Any CPU
		{353290BE-A714-4BE3-86F7-C03ADC2EBC1F}.Debug|Any CPU.ActiveCfg = Debug|Any CPU
		{353290BE-A714-4BE3-86F7-C03ADC2EBC1F}.Debug|Any CPU.Build.0 = Debug|Any CPU
		{353290BE-A714-4BE3-86F7-C03ADC2EBC1F}.Release|Any CPU.ActiveCfg = Release|Any CPU
		{353290BE-A714-4BE3-86F7-C03ADC2EBC1F}.Release|Any CPU.Build.0 = Release|Any CPU
		{F75257BD-006F-4B66-8148-936D2C7FDEE8}.Debug|Any CPU.ActiveCfg = Debug|Any CPU
		{F75257BD-006F-4B66-8148-936D2C7FDEE8}.Debug|Any CPU.Build.0 = Debug|Any CPU
		{F75257BD-006F-4B66-8148-936D2C7FDEE8}.Release|Any CPU.ActiveCfg = Release|Any CPU
		{F75257BD-006F-4B66-8148-936D2C7FDEE8}.Release|Any CPU.Build.0 = Release|Any CPU
		{62C904B8-1B91-4FB0-820B-5DB508A67F45}.Debug|Any CPU.ActiveCfg = Debug|Any CPU
		{62C904B8-1B91-4FB0-820B-5DB508A67F45}.Debug|Any CPU.Build.0 = Debug|Any CPU
		{62C904B8-1B91-4FB0-820B-5DB508A67F45}.Release|Any CPU.ActiveCfg = Release|Any CPU
		{62C904B8-1B91-4FB0-820B-5DB508A67F45}.Release|Any CPU.Build.0 = Release|Any CPU
	EndGlobalSection
	GlobalSection(SolutionProperties) = preSolution
		HideSolutionNode = FALSE
	EndGlobalSection
	GlobalSection(NestedProjects) = preSolution
		{68085C25-0C62-4FDF-8ACD-2262AF6F73FD} = {12461A10-AF11-433C-8063-777B41918688}
		{B1BBE0B2-6069-4270-A6BD-30B31B868247} = {12461A10-AF11-433C-8063-777B41918688}
		{C94C2822-0EDC-4EB9-9DD5-9599AB0B9EFF} = {12461A10-AF11-433C-8063-777B41918688}
		{BBE55C15-7281-4382-A2CD-517BBC7FE704} = {12461A10-AF11-433C-8063-777B41918688}
		{587763F7-88FA-430E-AAC8-338B1B90EC91} = {27083418-895B-44B4-B95C-BFA270D17C97}
		{02C4E380-D9B7-457D-B453-F7002FEDEC53} = {27083418-895B-44B4-B95C-BFA270D17C97}
		{353290BE-A714-4BE3-86F7-C03ADC2EBC1F} = {27083418-895B-44B4-B95C-BFA270D17C97}
		{F75257BD-006F-4B66-8148-936D2C7FDEE8} = {27083418-895B-44B4-B95C-BFA270D17C97}
		{62C904B8-1B91-4FB0-820B-5DB508A67F45} = {27083418-895B-44B4-B95C-BFA270D17C97}
	EndGlobalSection
	GlobalSection(ExtensibilityGlobals) = postSolution
		SolutionGuid = {F2C8119F-0AB2-4002-93A7-CD561075C15B}
	EndGlobalSection
EndGlobal
