
Microsoft Visual Studio Solution File, Format Version 12.00
# Visual Studio Version 17
VisualStudioVersion = 17.0.31912.275
MinimumVisualStudioVersion = 10.0.40219.1
Project("{FAE04EC0-301F-11D3-BF4B-00C04F79EFBC}") = "DatingAppV2", "DatingAppV2.csproj", "{8F3CBD02-3FAD-446F-953A-8337CD6D3A4B}"
EndProject
Global
	GlobalSection(SolutionConfigurationPlatforms) = preSolution
		Debug|Any CPU = Debug|Any CPU
		Release|Any CPU = Release|Any CPU
	EndGlobalSection
	GlobalSection(ProjectConfigurationPlatforms) = postSolution
		{8F3CBD02-3FAD-446F-953A-8337CD6D3A4B}.Debug|Any CPU.ActiveCfg = Debug|Any CPU
		{8F3CBD02-3FAD-446F-953A-8337CD6D3A4B}.Debug|Any CPU.Build.0 = Debug|Any CPU
		{8F3CBD02-3FAD-446F-953A-8337CD6D3A4B}.Release|Any CPU.ActiveCfg = Release|Any CPU
		{8F3CBD02-3FAD-446F-953A-8337CD6D3A4B}.Release|Any CPU.Build.0 = Release|Any CPU
	EndGlobalSection
	GlobalSection(SolutionProperties) = preSolution
		HideSolutionNode = FALSE
	EndGlobalSection
	GlobalSection(ExtensibilityGlobals) = postSolution
		SolutionGuid = {FC5F8283-56E5-4475-969B-7D169306A455}
	EndGlobalSection
EndGlobal
