
Microsoft Visual Studio Solution File, Format Version 12.00
# Visual Studio Version 17
VisualStudioVersion = 17.4.33110.190
MinimumVisualStudioVersion = 10.0.40219.1
Project("{FAE04EC0-301F-11D3-BF4B-00C04F79EFBC}") = "API", "API\API.csproj", "{918D794B-65A4-4956-A0C5-9F58EA3953F5}"
EndProject
Project("{FAE04EC0-301F-11D3-BF4B-00C04F79EFBC}") = "Domain", "Domain\Domain.csproj", "{D505BB7F-3205-4C21-8A41-0092A25D0106}"
EndProject
Project("{FAE04EC0-301F-11D3-BF4B-00C04F79EFBC}") = "Core", "Core\Core.csproj", "{A6028DD3-D248-4344-8830-722C99724E9F}"
EndProject
Project("{FAE04EC0-301F-11D3-BF4B-00C04F79EFBC}") = "Persistence", "Persistence\Persistence.csproj", "{7F2450AD-7138-4FD3-B20F-E8B43A4AB0D5}"
EndProject
Global
	GlobalSection(SolutionConfigurationPlatforms) = preSolution
		Debug|Any CPU = Debug|Any CPU
		Release|Any CPU = Release|Any CPU
	EndGlobalSection
	GlobalSection(ProjectConfigurationPlatforms) = postSolution
		{918D794B-65A4-4956-A0C5-9F58EA3953F5}.Debug|Any CPU.ActiveCfg = Debug|Any CPU
		{918D794B-65A4-4956-A0C5-9F58EA3953F5}.Debug|Any CPU.Build.0 = Debug|Any CPU
		{918D794B-65A4-4956-A0C5-9F58EA3953F5}.Release|Any CPU.ActiveCfg = Release|Any CPU
		{918D794B-65A4-4956-A0C5-9F58EA3953F5}.Release|Any CPU.Build.0 = Release|Any CPU
		{D505BB7F-3205-4C21-8A41-0092A25D0106}.Debug|Any CPU.ActiveCfg = Debug|Any CPU
		{D505BB7F-3205-4C21-8A41-0092A25D0106}.Debug|Any CPU.Build.0 = Debug|Any CPU
		{D505BB7F-3205-4C21-8A41-0092A25D0106}.Release|Any CPU.ActiveCfg = Release|Any CPU
		{D505BB7F-3205-4C21-8A41-0092A25D0106}.Release|Any CPU.Build.0 = Release|Any CPU
		{A6028DD3-D248-4344-8830-722C99724E9F}.Debug|Any CPU.ActiveCfg = Debug|Any CPU
		{A6028DD3-D248-4344-8830-722C99724E9F}.Debug|Any CPU.Build.0 = Debug|Any CPU
		{A6028DD3-D248-4344-8830-722C99724E9F}.Release|Any CPU.ActiveCfg = Release|Any CPU
		{A6028DD3-D248-4344-8830-722C99724E9F}.Release|Any CPU.Build.0 = Release|Any CPU
		{7F2450AD-7138-4FD3-B20F-E8B43A4AB0D5}.Debug|Any CPU.ActiveCfg = Debug|Any CPU
		{7F2450AD-7138-4FD3-B20F-E8B43A4AB0D5}.Debug|Any CPU.Build.0 = Debug|Any CPU
		{7F2450AD-7138-4FD3-B20F-E8B43A4AB0D5}.Release|Any CPU.ActiveCfg = Release|Any CPU
		{7F2450AD-7138-4FD3-B20F-E8B43A4AB0D5}.Release|Any CPU.Build.0 = Release|Any CPU
	EndGlobalSection
	GlobalSection(SolutionProperties) = preSolution
		HideSolutionNode = FALSE
	EndGlobalSection
	GlobalSection(ExtensibilityGlobals) = postSolution
		SolutionGuid = {B1AEA81C-70A8-4141-A289-78D630166035}
	EndGlobalSection
EndGlobal
