
Microsoft Visual Studio Solution File, Format Version 12.00
# Visual Studio Version 17
VisualStudioVersion = 17.0.32014.148
MinimumVisualStudioVersion = 10.0.40219.1
Project("{2150E333-8FDC-42A3-9474-1A3956D46DE8}") = "src", "src", "{7873016B-2D13-4D8E-8988-E3A7C3A42CF4}"
EndProject
Project("{2150E333-8FDC-42A3-9474-1A3956D46DE8}") = "corePackages", "corePackages", "{524A0DD0-FD90-4AF6-B00C-9DCCA622409D}"
EndProject
Project("{2150E333-8FDC-42A3-9474-1A3956D46DE8}") = "tests", "tests", "{96C4E6CA-B3E8-4788-BE37-6AF794A66D79}"
EndProject
Project("{2150E333-8FDC-42A3-9474-1A3956D46DE8}") = "rentACar", "rentACar", "{3EF00041-E18C-4B6A-86AA-88484AC6D642}"
EndProject
Project("{9A19103F-16F7-4668-BE54-9A1E7A4F7556}") = "Application", "src\rentACar\Application\Application.csproj", "{AEE3BD8D-02EB-4110-9CB1-51892B9182B0}"
EndProject
Project("{9A19103F-16F7-4668-BE54-9A1E7A4F7556}") = "Persistence", "src\rentACar\Persistence\Persistence.csproj", "{4C9BA6A8-5C34-4F14-9775-361FCD7759EB}"
EndProject
Project("{9A19103F-16F7-4668-BE54-9A1E7A4F7556}") = "WebApi", "src\rentACar\WebApi\WebApi.csproj", "{1C2D73E9-C73F-480D-A22C-E060F08EC2AB}"
EndProject
Project("{9A19103F-16F7-4668-BE54-9A1E7A4F7556}") = "Core.Persistence", "src\corePackages\Core.Persistence\Core.Persistence.csproj", "{B9D4F86A-73C5-46B5-9506-F21250663ECC}"
EndProject
Project("{9A19103F-16F7-4668-BE54-9A1E7A4F7556}") = "Domain", "src\rentACar\Domain\Domain.csproj", "{2E281A01-B1EC-4A8D-BA56-1A145A4F32C6}"
EndProject
Project("{9A19103F-16F7-4668-BE54-9A1E7A4F7556}") = "Core.CrossCuttingConcerns", "src\corePackages\Core.CrossCuttingConcerns\Core.CrossCuttingConcerns.csproj", "{A006D95C-E6EC-44B6-9AB8-CBB1F1DDDFCB}"
EndProject
Project("{9A19103F-16F7-4668-BE54-9A1E7A4F7556}") = "Core.Application", "src\corePackages\Core.Application\Core.Application.csproj", "{98821F19-F2D7-4CB7-B1C1-987B3CC76424}"
EndProject
Project("{9A19103F-16F7-4668-BE54-9A1E7A4F7556}") = "Core.Mailing", "src\corePackages\Core.Mailing\Core.Mailing.csproj", "{FFE94FA2-9E6A-46DC-B3FF-603E833569F5}"
EndProject
Project("{FAE04EC0-301F-11D3-BF4B-00C04F79EFBC}") = "Core.Utilities", "src\corePackages\Core.Utilities\Core.Utilities.csproj", "{ACFE3F47-1ED3-4723-A555-65A0B5177388}"
EndProject
Global
	GlobalSection(SolutionConfigurationPlatforms) = preSolution
		Debug|Any CPU = Debug|Any CPU
		Release|Any CPU = Release|Any CPU
	EndGlobalSection
	GlobalSection(ProjectConfigurationPlatforms) = postSolution
		{AEE3BD8D-02EB-4110-9CB1-51892B9182B0}.Debug|Any CPU.ActiveCfg = Debug|Any CPU
		{AEE3BD8D-02EB-4110-9CB1-51892B9182B0}.Debug|Any CPU.Build.0 = Debug|Any CPU
		{AEE3BD8D-02EB-4110-9CB1-51892B9182B0}.Release|Any CPU.ActiveCfg = Release|Any CPU
		{AEE3BD8D-02EB-4110-9CB1-51892B9182B0}.Release|Any CPU.Build.0 = Release|Any CPU
		{4C9BA6A8-5C34-4F14-9775-361FCD7759EB}.Debug|Any CPU.ActiveCfg = Debug|Any CPU
		{4C9BA6A8-5C34-4F14-9775-361FCD7759EB}.Debug|Any CPU.Build.0 = Debug|Any CPU
		{4C9BA6A8-5C34-4F14-9775-361FCD7759EB}.Release|Any CPU.ActiveCfg = Release|Any CPU
		{4C9BA6A8-5C34-4F14-9775-361FCD7759EB}.Release|Any CPU.Build.0 = Release|Any CPU
		{1C2D73E9-C73F-480D-A22C-E060F08EC2AB}.Debug|Any CPU.ActiveCfg = Debug|Any CPU
		{1C2D73E9-C73F-480D-A22C-E060F08EC2AB}.Debug|Any CPU.Build.0 = Debug|Any CPU
		{1C2D73E9-C73F-480D-A22C-E060F08EC2AB}.Release|Any CPU.ActiveCfg = Release|Any CPU
		{1C2D73E9-C73F-480D-A22C-E060F08EC2AB}.Release|Any CPU.Build.0 = Release|Any CPU
		{B9D4F86A-73C5-46B5-9506-F21250663ECC}.Debug|Any CPU.ActiveCfg = Debug|Any CPU
		{B9D4F86A-73C5-46B5-9506-F21250663ECC}.Debug|Any CPU.Build.0 = Debug|Any CPU
		{B9D4F86A-73C5-46B5-9506-F21250663ECC}.Release|Any CPU.ActiveCfg = Release|Any CPU
		{B9D4F86A-73C5-46B5-9506-F21250663ECC}.Release|Any CPU.Build.0 = Release|Any CPU
		{2E281A01-B1EC-4A8D-BA56-1A145A4F32C6}.Debug|Any CPU.ActiveCfg = Debug|Any CPU
		{2E281A01-B1EC-4A8D-BA56-1A145A4F32C6}.Debug|Any CPU.Build.0 = Debug|Any CPU
		{2E281A01-B1EC-4A8D-BA56-1A145A4F32C6}.Release|Any CPU.ActiveCfg = Release|Any CPU
		{2E281A01-B1EC-4A8D-BA56-1A145A4F32C6}.Release|Any CPU.Build.0 = Release|Any CPU
		{A006D95C-E6EC-44B6-9AB8-CBB1F1DDDFCB}.Debug|Any CPU.ActiveCfg = Debug|Any CPU
		{A006D95C-E6EC-44B6-9AB8-CBB1F1DDDFCB}.Debug|Any CPU.Build.0 = Debug|Any CPU
		{A006D95C-E6EC-44B6-9AB8-CBB1F1DDDFCB}.Release|Any CPU.ActiveCfg = Release|Any CPU
		{A006D95C-E6EC-44B6-9AB8-CBB1F1DDDFCB}.Release|Any CPU.Build.0 = Release|Any CPU
		{98821F19-F2D7-4CB7-B1C1-987B3CC76424}.Debug|Any CPU.ActiveCfg = Debug|Any CPU
		{98821F19-F2D7-4CB7-B1C1-987B3CC76424}.Debug|Any CPU.Build.0 = Debug|Any CPU
		{98821F19-F2D7-4CB7-B1C1-987B3CC76424}.Release|Any CPU.ActiveCfg = Release|Any CPU
		{98821F19-F2D7-4CB7-B1C1-987B3CC76424}.Release|Any CPU.Build.0 = Release|Any CPU
		{FFE94FA2-9E6A-46DC-B3FF-603E833569F5}.Debug|Any CPU.ActiveCfg = Debug|Any CPU
		{FFE94FA2-9E6A-46DC-B3FF-603E833569F5}.Debug|Any CPU.Build.0 = Debug|Any CPU
		{FFE94FA2-9E6A-46DC-B3FF-603E833569F5}.Release|Any CPU.ActiveCfg = Release|Any CPU
		{FFE94FA2-9E6A-46DC-B3FF-603E833569F5}.Release|Any CPU.Build.0 = Release|Any CPU
		{ACFE3F47-1ED3-4723-A555-65A0B5177388}.Debug|Any CPU.ActiveCfg = Debug|Any CPU
		{ACFE3F47-1ED3-4723-A555-65A0B5177388}.Debug|Any CPU.Build.0 = Debug|Any CPU
		{ACFE3F47-1ED3-4723-A555-65A0B5177388}.Release|Any CPU.ActiveCfg = Release|Any CPU
		{ACFE3F47-1ED3-4723-A555-65A0B5177388}.Release|Any CPU.Build.0 = Release|Any CPU
	EndGlobalSection
	GlobalSection(SolutionProperties) = preSolution
		HideSolutionNode = FALSE
	EndGlobalSection
	GlobalSection(NestedProjects) = preSolution
		{524A0DD0-FD90-4AF6-B00C-9DCCA622409D} = {7873016B-2D13-4D8E-8988-E3A7C3A42CF4}
		{3EF00041-E18C-4B6A-86AA-88484AC6D642} = {7873016B-2D13-4D8E-8988-E3A7C3A42CF4}
		{AEE3BD8D-02EB-4110-9CB1-51892B9182B0} = {3EF00041-E18C-4B6A-86AA-88484AC6D642}
		{4C9BA6A8-5C34-4F14-9775-361FCD7759EB} = {3EF00041-E18C-4B6A-86AA-88484AC6D642}
		{1C2D73E9-C73F-480D-A22C-E060F08EC2AB} = {3EF00041-E18C-4B6A-86AA-88484AC6D642}
		{B9D4F86A-73C5-46B5-9506-F21250663ECC} = {524A0DD0-FD90-4AF6-B00C-9DCCA622409D}
		{2E281A01-B1EC-4A8D-BA56-1A145A4F32C6} = {3EF00041-E18C-4B6A-86AA-88484AC6D642}
		{A006D95C-E6EC-44B6-9AB8-CBB1F1DDDFCB} = {524A0DD0-FD90-4AF6-B00C-9DCCA622409D}
		{98821F19-F2D7-4CB7-B1C1-987B3CC76424} = {524A0DD0-FD90-4AF6-B00C-9DCCA622409D}
		{FFE94FA2-9E6A-46DC-B3FF-603E833569F5} = {524A0DD0-FD90-4AF6-B00C-9DCCA622409D}
		{ACFE3F47-1ED3-4723-A555-65A0B5177388} = {524A0DD0-FD90-4AF6-B00C-9DCCA622409D}
	EndGlobalSection
	GlobalSection(ExtensibilityGlobals) = postSolution
		SolutionGuid = {906FBB00-371F-4FD4-9D52-A01159BF7F26}
	EndGlobalSection
EndGlobal
