
Microsoft Visual Studio Solution File, Format Version 12.00
# Visual Studio Version 17
VisualStudioVersion = 17.0.31903.59
MinimumVisualStudioVersion = 10.0.40219.1
Project("{FAE04EC0-301F-11D3-BF4B-00C04F79EFBC}") = "Domain", "Domain\Domain.csproj", "{0828580B-D323-43B2-A9F4-8EB5D5311942}"
EndProject
Project("{FAE04EC0-301F-11D3-BF4B-00C04F79EFBC}") = "Persistence", "Persistence\Persistence.csproj", "{87EDA24A-CA02-4230-B51C-E88F65D12D74}"
EndProject
Project("{FAE04EC0-301F-11D3-BF4B-00C04F79EFBC}") = "Core", "Core\Core.csproj", "{99D3EAED-A589-4474-B4F3-B8B8EAE0E793}"
EndProject
Project("{FAE04EC0-301F-11D3-BF4B-00C04F79EFBC}") = "Application", "Application\Application.csproj", "{294765A4-D1F3-48D3-81C6-9DC5E0BA752E}"
EndProject
Project("{FAE04EC0-301F-11D3-BF4B-00C04F79EFBC}") = "API", "API\API.csproj", "{8F4F49D4-0A03-4655-8821-EAE4474F3C8B}"
EndProject
Global
	GlobalSection(SolutionConfigurationPlatforms) = preSolution
		Debug|Any CPU = Debug|Any CPU
		Release|Any CPU = Release|Any CPU
	EndGlobalSection
	GlobalSection(ProjectConfigurationPlatforms) = postSolution
		{0828580B-D323-43B2-A9F4-8EB5D5311942}.Debug|Any CPU.ActiveCfg = Debug|Any CPU
		{0828580B-D323-43B2-A9F4-8EB5D5311942}.Debug|Any CPU.Build.0 = Debug|Any CPU
		{0828580B-D323-43B2-A9F4-8EB5D5311942}.Release|Any CPU.ActiveCfg = Release|Any CPU
		{0828580B-D323-43B2-A9F4-8EB5D5311942}.Release|Any CPU.Build.0 = Release|Any CPU
		{87EDA24A-CA02-4230-B51C-E88F65D12D74}.Debug|Any CPU.ActiveCfg = Debug|Any CPU
		{87EDA24A-CA02-4230-B51C-E88F65D12D74}.Debug|Any CPU.Build.0 = Debug|Any CPU
		{87EDA24A-CA02-4230-B51C-E88F65D12D74}.Release|Any CPU.ActiveCfg = Release|Any CPU
		{87EDA24A-CA02-4230-B51C-E88F65D12D74}.Release|Any CPU.Build.0 = Release|Any CPU
		{99D3EAED-A589-4474-B4F3-B8B8EAE0E793}.Debug|Any CPU.ActiveCfg = Debug|Any CPU
		{99D3EAED-A589-4474-B4F3-B8B8EAE0E793}.Debug|Any CPU.Build.0 = Debug|Any CPU
		{99D3EAED-A589-4474-B4F3-B8B8EAE0E793}.Release|Any CPU.ActiveCfg = Release|Any CPU
		{99D3EAED-A589-4474-B4F3-B8B8EAE0E793}.Release|Any CPU.Build.0 = Release|Any CPU
		{294765A4-D1F3-48D3-81C6-9DC5E0BA752E}.Debug|Any CPU.ActiveCfg = Debug|Any CPU
		{294765A4-D1F3-48D3-81C6-9DC5E0BA752E}.Debug|Any CPU.Build.0 = Debug|Any CPU
		{294765A4-D1F3-48D3-81C6-9DC5E0BA752E}.Release|Any CPU.ActiveCfg = Release|Any CPU
		{294765A4-D1F3-48D3-81C6-9DC5E0BA752E}.Release|Any CPU.Build.0 = Release|Any CPU
		{8F4F49D4-0A03-4655-8821-EAE4474F3C8B}.Debug|Any CPU.ActiveCfg = Debug|Any CPU
		{8F4F49D4-0A03-4655-8821-EAE4474F3C8B}.Debug|Any CPU.Build.0 = Debug|Any CPU
		{8F4F49D4-0A03-4655-8821-EAE4474F3C8B}.Release|Any CPU.ActiveCfg = Release|Any CPU
		{8F4F49D4-0A03-4655-8821-EAE4474F3C8B}.Release|Any CPU.Build.0 = Release|Any CPU
	EndGlobalSection
	GlobalSection(SolutionProperties) = preSolution
		HideSolutionNode = FALSE
	EndGlobalSection
	GlobalSection(ExtensibilityGlobals) = postSolution
		SolutionGuid = {D85703BC-0ADD-49F3-A1C2-0816C1A1FA0A}
	EndGlobalSection
EndGlobal
