
Microsoft Visual Studio Solution File, Format Version 12.00
# Visual Studio Version 16
VisualStudioVersion = 16.0.30114.105
MinimumVisualStudioVersion = 10.0.40219.1
Project("{FAE04EC0-301F-11D3-BF4B-00C04F79EFBC}") = "API", "API\API.csproj", "{23D3A991-2250-4B7D-ACA5-B285E6AC33A2}"
EndProject
Project("{FAE04EC0-301F-11D3-BF4B-00C04F79EFBC}") = "Application", "Application\Application.csproj", "{B3C9435C-259A-45B5-811E-3A95A39CB022}"
EndProject
Project("{FAE04EC0-301F-11D3-BF4B-00C04F79EFBC}") = "Domain", "Domain\Domain.csproj", "{FAC98F84-EA21-406B-B177-97D01AD64A37}"
EndProject
Project("{FAE04EC0-301F-11D3-BF4B-00C04F79EFBC}") = "Persistence", "Persistence\Persistence.csproj", "{EC897CC0-F423-41CE-BA7D-7E74FCA9DAF0}"
EndProject
Project("{FAE04EC0-301F-11D3-BF4B-00C04F79EFBC}") = "Infrastructure", "Infrastructure\Infrastructure.csproj", "{A1A0AC2C-5779-42DB-8962-54628CC87534}"
EndProject
Global
	GlobalSection(SolutionConfigurationPlatforms) = preSolution
		Debug|Any CPU = Debug|Any CPU
		Release|Any CPU = Release|Any CPU
	EndGlobalSection
	GlobalSection(SolutionProperties) = preSolution
		HideSolutionNode = FALSE
	EndGlobalSection
	GlobalSection(ProjectConfigurationPlatforms) = postSolution
		{23D3A991-2250-4B7D-ACA5-B285E6AC33A2}.Debug|Any CPU.ActiveCfg = Debug|Any CPU
		{23D3A991-2250-4B7D-ACA5-B285E6AC33A2}.Debug|Any CPU.Build.0 = Debug|Any CPU
		{23D3A991-2250-4B7D-ACA5-B285E6AC33A2}.Release|Any CPU.ActiveCfg = Release|Any CPU
		{23D3A991-2250-4B7D-ACA5-B285E6AC33A2}.Release|Any CPU.Build.0 = Release|Any CPU
		{B3C9435C-259A-45B5-811E-3A95A39CB022}.Debug|Any CPU.ActiveCfg = Debug|Any CPU
		{B3C9435C-259A-45B5-811E-3A95A39CB022}.Debug|Any CPU.Build.0 = Debug|Any CPU
		{B3C9435C-259A-45B5-811E-3A95A39CB022}.Release|Any CPU.ActiveCfg = Release|Any CPU
		{B3C9435C-259A-45B5-811E-3A95A39CB022}.Release|Any CPU.Build.0 = Release|Any CPU
		{FAC98F84-EA21-406B-B177-97D01AD64A37}.Debug|Any CPU.ActiveCfg = Debug|Any CPU
		{FAC98F84-EA21-406B-B177-97D01AD64A37}.Debug|Any CPU.Build.0 = Debug|Any CPU
		{FAC98F84-EA21-406B-B177-97D01AD64A37}.Release|Any CPU.ActiveCfg = Release|Any CPU
		{FAC98F84-EA21-406B-B177-97D01AD64A37}.Release|Any CPU.Build.0 = Release|Any CPU
		{EC897CC0-F423-41CE-BA7D-7E74FCA9DAF0}.Debug|Any CPU.ActiveCfg = Debug|Any CPU
		{EC897CC0-F423-41CE-BA7D-7E74FCA9DAF0}.Debug|Any CPU.Build.0 = Debug|Any CPU
		{EC897CC0-F423-41CE-BA7D-7E74FCA9DAF0}.Release|Any CPU.ActiveCfg = Release|Any CPU
		{EC897CC0-F423-41CE-BA7D-7E74FCA9DAF0}.Release|Any CPU.Build.0 = Release|Any CPU
		{A1A0AC2C-5779-42DB-8962-54628CC87534}.Debug|Any CPU.ActiveCfg = Debug|Any CPU
		{A1A0AC2C-5779-42DB-8962-54628CC87534}.Debug|Any CPU.Build.0 = Debug|Any CPU
		{A1A0AC2C-5779-42DB-8962-54628CC87534}.Release|Any CPU.ActiveCfg = Release|Any CPU
		{A1A0AC2C-5779-42DB-8962-54628CC87534}.Release|Any CPU.Build.0 = Release|Any CPU
	EndGlobalSection
EndGlobal
