
Microsoft Visual Studio Solution File, Format Version 12.00
# Visual Studio Version 16
VisualStudioVersion = 16.0.31702.278
MinimumVisualStudioVersion = 10.0.40219.1
Project("{FAE04EC0-301F-11D3-BF4B-00C04F79EFBC}") = "Business", "Business\Business.csproj", "{7C972440-A91A-4C93-9563-03ECEB0897CF}"
EndProject
Project("{FAE04EC0-301F-11D3-BF4B-00C04F79EFBC}") = "Entity", "Entity\Entity.csproj", "{EC22D2FC-1E3B-4C2C-811B-7E6B1BEB0103}"
EndProject
Project("{FAE04EC0-301F-11D3-BF4B-00C04F79EFBC}") = "Core", "Core\Core.csproj", "{77F76957-D732-48FC-8B46-D1CF9E713AA6}"
EndProject
Project("{FAE04EC0-301F-11D3-BF4B-00C04F79EFBC}") = "DataAccess", "DataAccess\DataAccess.csproj", "{AE1A66D3-6501-48AD-9EEA-FF0BA0CD6E6C}"
EndProject
Project("{FAE04EC0-301F-11D3-BF4B-00C04F79EFBC}") = "ConsoleUI", "ConsoleUI\ConsoleUI.csproj", "{F3BCA940-AFC0-4EB8-B387-A2BD173811D6}"
EndProject
Project("{FAE04EC0-301F-11D3-BF4B-00C04F79EFBC}") = "WebAPI", "WebAPI\WebAPI.csproj", "{1717C88D-5CA1-4A9D-BC79-E1AB8C6CDB43}"
EndProject
Global
	GlobalSection(SolutionConfigurationPlatforms) = preSolution
		Debug|Any CPU = Debug|Any CPU
		Release|Any CPU = Release|Any CPU
	EndGlobalSection
	GlobalSection(ProjectConfigurationPlatforms) = postSolution
		{7C972440-A91A-4C93-9563-03ECEB0897CF}.Debug|Any CPU.ActiveCfg = Debug|Any CPU
		{7C972440-A91A-4C93-9563-03ECEB0897CF}.Debug|Any CPU.Build.0 = Debug|Any CPU
		{7C972440-A91A-4C93-9563-03ECEB0897CF}.Release|Any CPU.ActiveCfg = Release|Any CPU
		{7C972440-A91A-4C93-9563-03ECEB0897CF}.Release|Any CPU.Build.0 = Release|Any CPU
		{EC22D2FC-1E3B-4C2C-811B-7E6B1BEB0103}.Debug|Any CPU.ActiveCfg = Debug|Any CPU
		{EC22D2FC-1E3B-4C2C-811B-7E6B1BEB0103}.Debug|Any CPU.Build.0 = Debug|Any CPU
		{EC22D2FC-1E3B-4C2C-811B-7E6B1BEB0103}.Release|Any CPU.ActiveCfg = Release|Any CPU
		{EC22D2FC-1E3B-4C2C-811B-7E6B1BEB0103}.Release|Any CPU.Build.0 = Release|Any CPU
		{77F76957-D732-48FC-8B46-D1CF9E713AA6}.Debug|Any CPU.ActiveCfg = Debug|Any CPU
		{77F76957-D732-48FC-8B46-D1CF9E713AA6}.Debug|Any CPU.Build.0 = Debug|Any CPU
		{77F76957-D732-48FC-8B46-D1CF9E713AA6}.Release|Any CPU.ActiveCfg = Release|Any CPU
		{77F76957-D732-48FC-8B46-D1CF9E713AA6}.Release|Any CPU.Build.0 = Release|Any CPU
		{AE1A66D3-6501-48AD-9EEA-FF0BA0CD6E6C}.Debug|Any CPU.ActiveCfg = Debug|Any CPU
		{AE1A66D3-6501-48AD-9EEA-FF0BA0CD6E6C}.Debug|Any CPU.Build.0 = Debug|Any CPU
		{AE1A66D3-6501-48AD-9EEA-FF0BA0CD6E6C}.Release|Any CPU.ActiveCfg = Release|Any CPU
		{AE1A66D3-6501-48AD-9EEA-FF0BA0CD6E6C}.Release|Any CPU.Build.0 = Release|Any CPU
		{F3BCA940-AFC0-4EB8-B387-A2BD173811D6}.Debug|Any CPU.ActiveCfg = Debug|Any CPU
		{F3BCA940-AFC0-4EB8-B387-A2BD173811D6}.Debug|Any CPU.Build.0 = Debug|Any CPU
		{F3BCA940-AFC0-4EB8-B387-A2BD173811D6}.Release|Any CPU.ActiveCfg = Release|Any CPU
		{F3BCA940-AFC0-4EB8-B387-A2BD173811D6}.Release|Any CPU.Build.0 = Release|Any CPU
		{1717C88D-5CA1-4A9D-BC79-E1AB8C6CDB43}.Debug|Any CPU.ActiveCfg = Debug|Any CPU
		{1717C88D-5CA1-4A9D-BC79-E1AB8C6CDB43}.Debug|Any CPU.Build.0 = Debug|Any CPU
		{1717C88D-5CA1-4A9D-BC79-E1AB8C6CDB43}.Release|Any CPU.ActiveCfg = Release|Any CPU
		{1717C88D-5CA1-4A9D-BC79-E1AB8C6CDB43}.Release|Any CPU.Build.0 = Release|Any CPU
	EndGlobalSection
	GlobalSection(SolutionProperties) = preSolution
		HideSolutionNode = FALSE
	EndGlobalSection
	GlobalSection(ExtensibilityGlobals) = postSolution
		SolutionGuid = {580588BE-DC9B-4FF8-B118-DBDA6431A9B9}
	EndGlobalSection
EndGlobal
